UPSTREAM_REPO=yearsyan/ffmpeg-android-build
UPSTREAM_TAG=v7.1-beta.16
FFMPEG_VERSION=7.1.1
ASSET=ffmpeg_android_aarch64_gpl.tar.gz
ASSET_SHA512=925726cebf5f86e9b8c0104950e1e7fcbf006ce23471883a5769dd6847a706550a7ee5d2fa13ef4a1eb7c2021569030797e53192318dd156136b2b2df4a4c39e
FFMPEG_SHA512=879d9ec0ee5f3ebd1cbabe17602a1800ff486e74fd4576bb6dce751c09eadfdc7e9d533f054438e920c581a5081cd8f6e9c4d1f3d86fd09b5ef963e46a799ac5
FFPROBE_SHA512=95f9aa99e32964c5314fa0474c83282012e542444b7023656636fd58cf24e6069a1c8d78baa8c3603a9aada07e75e67a85f9cf12d086635e916a541ea76d06fb
